
Microsoft Visual Studio Solution File, Format Version 12.00
# Visual Studio Version 16
VisualStudioVersion = 16.0.30011.22
MinimumVisualStudioVersion = 10.0.40219.1
Project("{8BC9CEB8-8B4A-11D0-8D11-00A0C91BC942}") = "NNApp", "NNApp\NNApp.vcxproj", "{BD756A24-BAC1-4909-9E95-D0FF8A6A48BF}"
EndProject
Project("{8BC9CEB8-8B4A-11D0-8D11-00A0C91BC942}") = "Awincs", "Awincs\Awincs.vcxproj", "{1F1A23CF-45A9-433C-8D12-6EF163978683}"
EndProject
Project("{8BC9CEB8-8B4A-11D0-8D11-00A0C91BC942}") = "DebugConsole", "DebugConsole\DebugConsole.vcxproj", "{72CC32FD-8896-4520-815B-A894B10356C3}"
EndProject
Global
	GlobalSection(SolutionConfigurationPlatforms) = preSolution
		Debug|x64 = Debug|x64
		Debug|x86 = Debug|x86
		Release|x64 = Release|x64
		Release|x86 = Release|x86
	EndGlobalSection
	GlobalSection(ProjectConfigurationPlatforms) = postSolution
		{BD756A24-BAC1-4909-9E95-D0FF8A6A48BF}.Debug|x64.ActiveCfg = Debug|x64
		{BD756A24-BAC1-4909-9E95-D0FF8A6A48BF}.Debug|x64.Build.0 = Debug|x64
		{BD756A24-BAC1-4909-9E95-D0FF8A6A48BF}.Debug|x86.ActiveCfg = Debug|Win32
		{BD756A24-BAC1-4909-9E95-D0FF8A6A48BF}.Debug|x86.Build.0 = Debug|Win32
		{BD756A24-BAC1-4909-9E95-D0FF8A6A48BF}.Release|x64.ActiveCfg = Release|x64
		{BD756A24-BAC1-4909-9E95-D0FF8A6A48BF}.Release|x64.Build.0 = Release|x64
		{BD756A24-BAC1-4909-9E95-D0FF8A6A48BF}.Release|x86.ActiveCfg = Release|Win32
		{BD756A24-BAC1-4909-9E95-D0FF8A6A48BF}.Release|x86.Build.0 = Release|Win32
		{1F1A23CF-45A9-433C-8D12-6EF163978683}.Debug|x64.ActiveCfg = Debug|x64
		{1F1A23CF-45A9-433C-8D12-6EF163978683}.Debug|x64.Build.0 = Debug|x64
		{1F1A23CF-45A9-433C-8D12-6EF163978683}.Debug|x86.ActiveCfg = Debug|Win32
		{1F1A23CF-45A9-433C-8D12-6EF163978683}.Debug|x86.Build.0 = Debug|Win32
		{1F1A23CF-45A9-433C-8D12-6EF163978683}.Release|x64.ActiveCfg = Release|x64
		{1F1A23CF-45A9-433C-8D12-6EF163978683}.Release|x64.Build.0 = Release|x64
		{1F1A23CF-45A9-433C-8D12-6EF163978683}.Release|x86.ActiveCfg = Release|Win32
		{1F1A23CF-45A9-433C-8D12-6EF163978683}.Release|x86.Build.0 = Release|Win32
		{72CC32FD-8896-4520-815B-A894B10356C3}.Debug|x64.ActiveCfg = Debug|x64
		{72CC32FD-8896-4520-815B-A894B10356C3}.Debug|x64.Build.0 = Debug|x64
		{72CC32FD-8896-4520-815B-A894B10356C3}.Debug|x86.ActiveCfg = Debug|Win32
		{72CC32FD-8896-4520-815B-A894B10356C3}.Debug|x86.Build.0 = Debug|Win32
		{72CC32FD-8896-4520-815B-A894B10356C3}.Release|x64.ActiveCfg = Release|x64
		{72CC32FD-8896-4520-815B-A894B10356C3}.Release|x64.Build.0 = Release|x64
		{72CC32FD-8896-4520-815B-A894B10356C3}.Release|x86.ActiveCfg = Release|Win32
		{72CC32FD-8896-4520-815B-A894B10356C3}.Release|x86.Build.0 = Release|Win32
	EndGlobalSection
	GlobalSection(SolutionProperties) = preSolution
		HideSolutionNode = FALSE
	EndGlobalSection
	GlobalSection(ExtensibilityGlobals) = postSolution
		SolutionGuid = {72FAD1D0-2D49-4B96-8C01-A760B7F1D4A2}
	EndGlobalSection
EndGlobal
